PODS:
  - AMap3DMap (4.6.0):
    - AMapFoundation (~> 1.3)
  - AMapFoundation (1.3.4)

DEPENDENCIES:
  - AMap3DMap (= 4.6.0)

SPEC CHECKSUMS:
  AMap3DMap: 0b1263f9e58d6f96df145c9d5012987aa13f67d9
  AMapFoundation: 486493b8e9ae4a1cb7ce2d8d8978ee1aabf9bb34

PODFILE CHECKSUM: 260bf2c57011521f3ade08671f2cf8ea010f2aa0

COCOAPODS: 1.1.1
