// !$*UTF8*$!
{
	archiveVersion = 1;
	classes = {
	};
	objectVersion = 46;
	objects = {

/* Begin PBXBuildFile section */
		AAEF7602D1E32918E44FCE4A /* libPods-iOS-annotation-click.a in Frameworks */ = {isa = PBXBuildFile; fileRef = D49BA66D4FFC9CFD9F7BA0A2 /* libPods-iOS-annotation-click.a */; };
		AEC85272B502182F99E0C4C7 /* libPods-iOS-annotation-click-swift.a in Frameworks */ = {isa = PBXBuildFile; fileRef = E217FA9DB4A992EF30B068A7 /* libPods-iOS-annotation-click-swift.a */; };
		B6DCF5FA1E94C4E700B9EA53 /* main.m in Sources */ = {isa = PBXBuildFile; fileRef = B6DCF5F91E94C4E700B9EA53 /* main.m */; };
		B6DCF5FD1E94C4E700B9EA53 /* AppDelegate.m in Sources */ = {isa = PBXBuildFile; fileRef = B6DCF5FC1E94C4E700B9EA53 /* AppDelegate.m */; };
		B6DCF6001E94C4E700B9EA53 /* ViewController.m in Sources */ = {isa = PBXBuildFile; fileRef = B6DCF5FF1E94C4E700B9EA53 /* ViewController.m */; };
		B6DCF6031E94C4E700B9EA53 /* Main.storyboard in Resources */ = {isa = PBXBuildFile; fileRef = B6DCF6011E94C4E700B9EA53 /* Main.storyboard */; };
		B6DCF6051E94C4E700B9EA53 /* Assets.xcassets in Resources */ = {isa = PBXBuildFile; fileRef = B6DCF6041E94C4E700B9EA53 /* Assets.xcassets */; };
		B6DCF6081E94C4E700B9EA53 /* LaunchScreen.storyboard in Resources */ = {isa = PBXBuildFile; fileRef = B6DCF6061E94C4E700B9EA53 /* LaunchScreen.storyboard */; };
		B6DCF6161E94C66F00B9EA53 /* AppDelegate.swift in Sources */ = {isa = PBXBuildFile; fileRef = B6DCF6151E94C66F00B9EA53 /* AppDelegate.swift */; };
		B6DCF6181E94C66F00B9EA53 /* ViewController.swift in Sources */ = {isa = PBXBuildFile; fileRef = B6DCF6171E94C66F00B9EA53 /* ViewController.swift */; };
		B6DCF61B1E94C66F00B9EA53 /* Main.storyboard in Resources */ = {isa = PBXBuildFile; fileRef = B6DCF6191E94C66F00B9EA53 /* Main.storyboard */; };
		B6DCF61D1E94C66F00B9EA53 /* Assets.xcassets in Resources */ = {isa = PBXBuildFile; fileRef = B6DCF61C1E94C66F00B9EA53 /* Assets.xcassets */; };
		B6DCF6201E94C66F00B9EA53 /* LaunchScreen.storyboard in Resources */ = {isa = PBXBuildFile; fileRef = B6DCF61E1E94C66F00B9EA53 /* LaunchScreen.storyboard */; };
		B6DCF62A1E94C91F00B9EA53 /* userPosition@2x.png in Resources */ = {isa = PBXBuildFile; fileRef = B6DCF6291E94C91F00B9EA53 /* userPosition@2x.png */; };
		B6DCF62E1E94EA9900B9EA53 /* userPosition@2x.png in Resources */ = {isa = PBXBuildFile; fileRef = B6DCF62D1E94EA9900B9EA53 /* userPosition@2x.png */; };
/* End PBXBuildFile section */

/* Begin PBXFileReference section */
		3915D5A3AA6C86A55766A6E0 /* Pods-iOS-annotation-click-swift.release.xcconfig */ = {isa = PBXFileReference; includeInIndex = 1; lastKnownFileType = text.xcconfig; name = "Pods-iOS-annotation-click-swift.release.xcconfig"; path = "Pods/Target Support Files/Pods-iOS-annotation-click-swift/Pods-iOS-annotation-click-swift.release.xcconfig"; sourceTree = "<group>"; };
		47A9E8AA1BDBA202EBA7EECE /* Pods-iOS-annotation-click-swift.debug.xcconfig */ = {isa = PBXFileReference; includeInIndex = 1; lastKnownFileType = text.xcconfig; name = "Pods-iOS-annotation-click-swift.debug.xcconfig"; path = "Pods/Target Support Files/Pods-iOS-annotation-click-swift/Pods-iOS-annotation-click-swift.debug.xcconfig"; sourceTree = "<group>"; };
		66E5EA5CF648B47A4D5B0806 /* Pods-iOS-annotation-click.release.xcconfig */ = {isa = PBXFileReference; includeInIndex = 1; lastKnownFileType = text.xcconfig; name = "Pods-iOS-annotation-click.release.xcconfig"; path = "Pods/Target Support Files/Pods-iOS-annotation-click/Pods-iOS-annotation-click.release.xcconfig"; sourceTree = "<group>"; };
		B6DCF5F51E94C4E700B9EA53 /* iOS-annotation-click.app */ = {isa = PBXFileReference; explicitFileType = wrapper.application; includeInIndex = 0; path = "iOS-annotation-click.app"; sourceTree = BUILT_PRODUCTS_DIR; };
		B6DCF5F91E94C4E700B9EA53 /* main.m */ = {isa = PBXFileReference; lastKnownFileType = sourcecode.c.objc; path = main.m; sourceTree = "<group>"; };
		B6DCF5FB1E94C4E700B9EA53 /* AppDelegate.h */ = {isa = PBXFileReference; lastKnownFileType = sourcecode.c.h; path = AppDelegate.h; sourceTree = "<group>"; };
		B6DCF5FC1E94C4E700B9EA53 /* AppDelegate.m */ = {isa = PBXFileReference; lastKnownFileType = sourcecode.c.objc; path = AppDelegate.m; sourceTree = "<group>"; };
		B6DCF5FE1E94C4E700B9EA53 /* ViewController.h */ = {isa = PBXFileReference; lastKnownFileType = sourcecode.c.h; path = ViewController.h; sourceTree = "<group>"; };
		B6DCF5FF1E94C4E700B9EA53 /* ViewController.m */ = {isa = PBXFileReference; lastKnownFileType = sourcecode.c.objc; path = ViewController.m; sourceTree = "<group>"; };
		B6DCF6021E94C4E700B9EA53 /* Base */ = {isa = PBXFileReference; lastKnownFileType = file.storyboard; name = Base; path = Base.lproj/Main.storyboard; sourceTree = "<group>"; };
		B6DCF6041E94C4E700B9EA53 /* Assets.xcassets */ = {isa = PBXFileReference; lastKnownFileType = folder.assetcatalog; path = Assets.xcassets; sourceTree = "<group>"; };
		B6DCF6071E94C4E700B9EA53 /* Base */ = {isa = PBXFileReference; lastKnownFileType = file.storyboard; name = Base; path = Base.lproj/LaunchScreen.storyboard; sourceTree = "<group>"; };
		B6DCF6091E94C4E700B9EA53 /* Info.plist */ = {isa = PBXFileReference; lastKnownFileType = text.plist.xml; path = Info.plist; sourceTree = "<group>"; };
		B6DCF6131E94C66F00B9EA53 /* iOS-annotation-click-swift.app */ = {isa = PBXFileReference; explicitFileType = wrapper.application; includeInIndex = 0; path = "iOS-annotation-click-swift.app"; sourceTree = BUILT_PRODUCTS_DIR; };
		B6DCF6151E94C66F00B9EA53 /* AppDelegate.swift */ = {isa = PBXFileReference; lastKnownFileType = sourcecode.swift; path = AppDelegate.swift; sourceTree = "<group>"; };
		B6DCF6171E94C66F00B9EA53 /* ViewController.swift */ = {isa = PBXFileReference; lastKnownFileType = sourcecode.swift; path = ViewController.swift; sourceTree = "<group>"; };
		B6DCF61A1E94C66F00B9EA53 /* Base */ = {isa = PBXFileReference; lastKnownFileType = file.storyboard; name = Base; path = Base.lproj/Main.storyboard; sourceTree = "<group>"; };
		B6DCF61C1E94C66F00B9EA53 /* Assets.xcassets */ = {isa = PBXFileReference; lastKnownFileType = folder.assetcatalog; path = Assets.xcassets; sourceTree = "<group>"; };
		B6DCF61F1E94C66F00B9EA53 /* Base */ = {isa = PBXFileReference; lastKnownFileType = file.storyboard; name = Base; path = Base.lproj/LaunchScreen.storyboard; sourceTree = "<group>"; };
		B6DCF6211E94C66F00B9EA53 /* Info.plist */ = {isa = PBXFileReference; lastKnownFileType = text.plist.xml; path = Info.plist; sourceTree = "<group>"; };
		B6DCF6291E94C91F00B9EA53 /* userPosition@2x.png */ = {isa = PBXFileReference; lastKnownFileType = image.png; path = "userPosition@2x.png"; sourceTree = "<group>"; };
		B6DCF62B1E94E6EC00B9EA53 /* Swift-Bridge-Header.h */ = {isa = PBXFileReference; fileEncoding = 4; lastKnownFileType = sourcecode.c.h; path = "Swift-Bridge-Header.h"; sourceTree = "<group>"; };
		B6DCF62D1E94EA9900B9EA53 /* userPosition@2x.png */ = {isa = PBXFileReference; lastKnownFileType = image.png; path = "userPosition@2x.png"; sourceTree = "<group>"; };
		D153E3926688809B1F8631BB /* Pods-iOS-annotation-click.debug.xcconfig */ = {isa = PBXFileReference; includeInIndex = 1; lastKnownFileType = text.xcconfig; name = "Pods-iOS-annotation-click.debug.xcconfig"; path = "Pods/Target Support Files/Pods-iOS-annotation-click/Pods-iOS-annotation-click.debug.xcconfig"; sourceTree = "<group>"; };
		D49BA66D4FFC9CFD9F7BA0A2 /* libPods-iOS-annotation-click.a */ = {isa = PBXFileReference; explicitFileType = archive.ar; includeInIndex = 0; path = "libPods-iOS-annotation-click.a"; sourceTree = BUILT_PRODUCTS_DIR; };
		E217FA9DB4A992EF30B068A7 /* libPods-iOS-annotation-click-swift.a */ = {isa = PBXFileReference; explicitFileType = archive.ar; includeInIndex = 0; path = "libPods-iOS-annotation-click-swift.a"; sourceTree = BUILT_PRODUCTS_DIR; };
/* End PBXFileReference section */

/* Begin PBXFrameworksBuildPhase section */
		B6DCF5F21E94C4E700B9EA53 /* Frameworks */ = {
			isa = PBXFrameworksBuildPhase;
			buildActionMask = 2147483647;
			files = (
				AAEF7602D1E32918E44FCE4A /* libPods-iOS-annotation-click.a in Frameworks */,
			);
			runOnlyForDeploymentPostprocessing = 0;
		};
		B6DCF6101E94C66F00B9EA53 /* Frameworks */ = {
			isa = PBXFrameworksBuildPhase;
			buildActionMask = 2147483647;
			files = (
				AEC85272B502182F99E0C4C7 /* libPods-iOS-annotation-click-swift.a in Frameworks */,
			);
			runOnlyForDeploymentPostprocessing = 0;
		};
/* End PBXFrameworksBuildPhase section */

/* Begin PBXGroup section */
		189FE3C27D61C3F857A7EAED /* Frameworks */ = {
			isa = PBXGroup;
			children = (
				D49BA66D4FFC9CFD9F7BA0A2 /* libPods-iOS-annotation-click.a */,
				E217FA9DB4A992EF30B068A7 /* libPods-iOS-annotation-click-swift.a */,
			);
			name = Frameworks;
			sourceTree = "<group>";
		};
		5B41CFA7A735EEE0FF7BEB85 /* Pods */ = {
			isa = PBXGroup;
			children = (
				D153E3926688809B1F8631BB /* Pods-iOS-annotation-click.debug.xcconfig */,
				66E5EA5CF648B47A4D5B0806 /* Pods-iOS-annotation-click.release.xcconfig */,
				47A9E8AA1BDBA202EBA7EECE /* Pods-iOS-annotation-click-swift.debug.xcconfig */,
				3915D5A3AA6C86A55766A6E0 /* Pods-iOS-annotation-click-swift.release.xcconfig */,
			);
			name = Pods;
			sourceTree = "<group>";
		};
		B6DCF5EC1E94C4E700B9EA53 = {
			isa = PBXGroup;
			children = (
				B6DCF5F71E94C4E700B9EA53 /* iOS-annotation-click */,
				B6DCF6141E94C66F00B9EA53 /* iOS-annotation-click-swift */,
				B6DCF5F61E94C4E700B9EA53 /* Products */,
				5B41CFA7A735EEE0FF7BEB85 /* Pods */,
				189FE3C27D61C3F857A7EAED /* Frameworks */,
			);
			sourceTree = "<group>";
		};
		B6DCF5F61E94C4E700B9EA53 /* Products */ = {
			isa = PBXGroup;
			children = (
				B6DCF5F51E94C4E700B9EA53 /* iOS-annotation-click.app */,
				B6DCF6131E94C66F00B9EA53 /* iOS-annotation-click-swift.app */,
			);
			name = Products;
			sourceTree = "<group>";
		};
		B6DCF5F71E94C4E700B9EA53 /* iOS-annotation-click */ = {
			isa = PBXGroup;
			children = (
				B6DCF6281E94C91F00B9EA53 /* Resources */,
				B6DCF5FB1E94C4E700B9EA53 /* AppDelegate.h */,
				B6DCF5FC1E94C4E700B9EA53 /* AppDelegate.m */,
				B6DCF5FE1E94C4E700B9EA53 /* ViewController.h */,
				B6DCF5FF1E94C4E700B9EA53 /* ViewController.m */,
				B6DCF6011E94C4E700B9EA53 /* Main.storyboard */,
				B6DCF6041E94C4E700B9EA53 /* Assets.xcassets */,
				B6DCF6061E94C4E700B9EA53 /* LaunchScreen.storyboard */,
				B6DCF6091E94C4E700B9EA53 /* Info.plist */,
				B6DCF5F81E94C4E700B9EA53 /* Supporting Files */,
			);
			path = "iOS-annotation-click";
			sourceTree = "<group>";
		};
		B6DCF5F81E94C4E700B9EA53 /* Supporting Files */ = {
			isa = PBXGroup;
			children = (
				B6DCF5F91E94C4E700B9EA53 /* main.m */,
			);
			name = "Supporting Files";
			sourceTree = "<group>";
		};
		B6DCF6141E94C66F00B9EA53 /* iOS-annotation-click-swift */ = {
			isa = PBXGroup;
			children = (
				B6DCF62C1E94EA9900B9EA53 /* Resources */,
				B6DCF62B1E94E6EC00B9EA53 /* Swift-Bridge-Header.h */,
				B6DCF6151E94C66F00B9EA53 /* AppDelegate.swift */,
				B6DCF6171E94C66F00B9EA53 /* ViewController.swift */,
				B6DCF6191E94C66F00B9EA53 /* Main.storyboard */,
				B6DCF61C1E94C66F00B9EA53 /* Assets.xcassets */,
				B6DCF61E1E94C66F00B9EA53 /* LaunchScreen.storyboard */,
				B6DCF6211E94C66F00B9EA53 /* Info.plist */,
			);
			path = "iOS-annotation-click-swift";
			sourceTree = "<group>";
		};
		B6DCF6281E94C91F00B9EA53 /* Resources */ = {
			isa = PBXGroup;
			children = (
				B6DCF6291E94C91F00B9EA53 /* userPosition@2x.png */,
			);
			path = Resources;
			sourceTree = SOURCE_ROOT;
		};
		B6DCF62C1E94EA9900B9EA53 /* Resources */ = {
			isa = PBXGroup;
			children = (
				B6DCF62D1E94EA9900B9EA53 /* userPosition@2x.png */,
			);
			path = Resources;
			sourceTree = SOURCE_ROOT;
		};
/* End PBXGroup section */

/* Begin PBXNativeTarget section */
		B6DCF5F41E94C4E700B9EA53 /* iOS-annotation-click */ = {
			isa = PBXNativeTarget;
			buildConfigurationList = B6DCF60C1E94C4E700B9EA53 /* Build configuration list for PBXNativeTarget "iOS-annotation-click" */;
			buildPhases = (
				1A51991D1A3546B16A4F5E9B /* [CP] Check Pods Manifest.lock */,
				B6DCF5F11E94C4E700B9EA53 /* Sources */,
				B6DCF5F21E94C4E700B9EA53 /* Frameworks */,
				B6DCF5F31E94C4E700B9EA53 /* Resources */,
				2CB7F98A16A158D49E603D8D /* [CP] Embed Pods Frameworks */,
				A6B8FA48787D60695D10F413 /* [CP] Copy Pods Resources */,
			);
			buildRules = (
			);
			dependencies = (
			);
			name = "iOS-annotation-click";
			productName = "iOS-annotation-click";
			productReference = B6DCF5F51E94C4E700B9EA53 /* iOS-annotation-click.app */;
			productType = "com.apple.product-type.application";
		};
		B6DCF6121E94C66F00B9EA53 /* iOS-annotation-click-swift */ = {
			isa = PBXNativeTarget;
			buildConfigurationList = B6DCF6241E94C66F00B9EA53 /* Build configuration list for PBXNativeTarget "iOS-annotation-click-swift" */;
			buildPhases = (
				81D15815E253C6CA64AA4D2E /* [CP] Check Pods Manifest.lock */,
				B6DCF60F1E94C66F00B9EA53 /* Sources */,
				B6DCF6101E94C66F00B9EA53 /* Frameworks */,
				B6DCF6111E94C66F00B9EA53 /* Resources */,
				C7E255F3833277AFD13C6280 /* [CP] Embed Pods Frameworks */,
				17F8C42E71719D49D50497B2 /* [CP] Copy Pods Resources */,
			);
			buildRules = (
			);
			dependencies = (
			);
			name = "iOS-annotation-click-swift";
			productName = "iOS-annotation-click-swift";
			productReference = B6DCF6131E94C66F00B9EA53 /* iOS-annotation-click-swift.app */;
			productType = "com.apple.product-type.application";
		};
/* End PBXNativeTarget section */

/* Begin PBXProject section */
		B6DCF5ED1E94C4E700B9EA53 /* Project object */ = {
			isa = PBXProject;
			attributes = {
				LastSwiftUpdateCheck = 0820;
				LastUpgradeCheck = 0820;
				ORGANIZATIONNAME = autonavi;
				TargetAttributes = {
					B6DCF5F41E94C4E700B9EA53 = {
						CreatedOnToolsVersion = 8.2.1;
						DevelopmentTeam = YMJ372W38W;
						ProvisioningStyle = Manual;
					};
					B6DCF6121E94C66F00B9EA53 = {
						CreatedOnToolsVersion = 8.2.1;
						DevelopmentTeam = YMJ372W38W;
						ProvisioningStyle = Manual;
					};
				};
			};
			buildConfigurationList = B6DCF5F01E94C4E700B9EA53 /* Build configuration list for PBXProject "iOS-annotation-click" */;
			compatibilityVersion = "Xcode 3.2";
			developmentRegion = English;
			hasScannedForEncodings = 0;
			knownRegions = (
				en,
				Base,
			);
			mainGroup = B6DCF5EC1E94C4E700B9EA53;
			productRefGroup = B6DCF5F61E94C4E700B9EA53 /* Products */;
			projectDirPath = "";
			projectRoot = "";
			targets = (
				B6DCF5F41E94C4E700B9EA53 /* iOS-annotation-click */,
				B6DCF6121E94C66F00B9EA53 /* iOS-annotation-click-swift */,
			);
		};
/* End PBXProject section */

/* Begin PBXResourcesBuildPhase section */
		B6DCF5F31E94C4E700B9EA53 /* Resources */ = {
			isa = PBXResourcesBuildPhase;
			buildActionMask = 2147483647;
			files = (
				B6DCF62A1E94C91F00B9EA53 /* userPosition@2x.png in Resources */,
				B6DCF6081E94C4E700B9EA53 /* LaunchScreen.storyboard in Resources */,
				B6DCF6051E94C4E700B9EA53 /* Assets.xcassets in Resources */,
				B6DCF6031E94C4E700B9EA53 /* Main.storyboard in Resources */,
			);
			runOnlyForDeploymentPostprocessing = 0;
		};
		B6DCF6111E94C66F00B9EA53 /* Resources */ = {
			isa = PBXResourcesBuildPhase;
			buildActionMask = 2147483647;
			files = (
				B6DCF62E1E94EA9900B9EA53 /* userPosition@2x.png in Resources */,
				B6DCF6201E94C66F00B9EA53 /* LaunchScreen.storyboard in Resources */,
				B6DCF61D1E94C66F00B9EA53 /* Assets.xcassets in Resources */,
				B6DCF61B1E94C66F00B9EA53 /* Main.storyboard in Resources */,
			);
			runOnlyForDeploymentPostprocessing = 0;
		};
/* End PBXResourcesBuildPhase section */

/* Begin PBXShellScriptBuildPhase section */
		17F8C42E71719D49D50497B2 /* [CP] Copy Pods Resources */ = {
			isa = PBXShellScriptBuildPhase;
			buildActionMask = 2147483647;
			files = (
			);
			inputPaths = (
			);
			name = "[CP] Copy Pods Resources";
			outputPaths = (
			);
			runOnlyForDeploymentPostprocessing = 0;
			shellPath = /bin/sh;
			shellScript = "\"${SRCROOT}/Pods/Target Support Files/Pods-iOS-annotation-click-swift/Pods-iOS-annotation-click-swift-resources.sh\"\n";
			showEnvVarsInLog = 0;
		};
		1A51991D1A3546B16A4F5E9B /* [CP] Check Pods Manifest.lock */ = {
			isa = PBXShellScriptBuildPhase;
			buildActionMask = 2147483647;
			files = (
			);
			inputPaths = (
			);
			name = "[CP] Check Pods Manifest.lock";
			outputPaths = (
			);
			runOnlyForDeploymentPostprocessing = 0;
			shellPath = /bin/sh;
			shellScript = "diff \"${PODS_ROOT}/../Podfile.lock\" \"${PODS_ROOT}/Manifest.lock\" > /dev/null\nif [ $? != 0 ] ; then\n    # print error to STDERR\n    echo \"error: The sandbox is not in sync with the Podfile.lock. Run 'pod install' or update your CocoaPods installation.\" >&2\n    exit 1\nfi\n";
			showEnvVarsInLog = 0;
		};
		2CB7F98A16A158D49E603D8D /* [CP] Embed Pods Frameworks */ = {
			isa = PBXShellScriptBuildPhase;
			buildActionMask = 2147483647;
			files = (
			);
			inputPaths = (
			);
			name = "[CP] Embed Pods Frameworks";
			outputPaths = (
			);
			runOnlyForDeploymentPostprocessing = 0;
			shellPath = /bin/sh;
			shellScript = "\"${SRCROOT}/Pods/Target Support Files/Pods-iOS-annotation-click/Pods-iOS-annotation-click-frameworks.sh\"\n";
			showEnvVarsInLog = 0;
		};
		81D15815E253C6CA64AA4D2E /* [CP] Check Pods Manifest.lock */ = {
			isa = PBXShellScriptBuildPhase;
			buildActionMask = 2147483647;
			files = (
			);
			inputPaths = (
			);
			name = "[CP] Check Pods Manifest.lock";
			outputPaths = (
			);
			runOnlyForDeploymentPostprocessing = 0;
			shellPath = /bin/sh;
			shellScript = "diff \"${PODS_ROOT}/../Podfile.lock\" \"${PODS_ROOT}/Manifest.lock\" > /dev/null\nif [ $? != 0 ] ; then\n    # print error to STDERR\n    echo \"error: The sandbox is not in sync with the Podfile.lock. Run 'pod install' or update your CocoaPods installation.\" >&2\n    exit 1\nfi\n";
			showEnvVarsInLog = 0;
		};
		A6B8FA48787D60695D10F413 /* [CP] Copy Pods Resources */ = {
			isa = PBXShellScriptBuildPhase;
			buildActionMask = 2147483647;
			files = (
			);
			inputPaths = (
			);
			name = "[CP] Copy Pods Resources";
			outputPaths = (
			);
			runOnlyForDeploymentPostprocessing = 0;
			shellPath = /bin/sh;
			shellScript = "\"${SRCROOT}/Pods/Target Support Files/Pods-iOS-annotation-click/Pods-iOS-annotation-click-resources.sh\"\n";
			showEnvVarsInLog = 0;
		};
		C7E255F3833277AFD13C6280 /* [CP] Embed Pods Frameworks */ = {
			isa = PBXShellScriptBuildPhase;
			buildActionMask = 2147483647;
			files = (
			);
			inputPaths = (
			);
			name = "[CP] Embed Pods Frameworks";
			outputPaths = (
			);
			runOnlyForDeploymentPostprocessing = 0;
			shellPath = /bin/sh;
			shellScript = "\"${SRCROOT}/Pods/Target Support Files/Pods-iOS-annotation-click-swift/Pods-iOS-annotation-click-swift-frameworks.sh\"\n";
			showEnvVarsInLog = 0;
		};
/* End PBXShellScriptBuildPhase section */

/* Begin PBXSourcesBuildPhase section */
		B6DCF5F11E94C4E700B9EA53 /* Sources */ = {
			isa = PBXSourcesBuildPhase;
			buildActionMask = 2147483647;
			files = (
				B6DCF6001E94C4E700B9EA53 /* ViewController.m in Sources */,
				B6DCF5FD1E94C4E700B9EA53 /* AppDelegate.m in Sources */,
				B6DCF5FA1E94C4E700B9EA53 /* main.m in Sources */,
			);
			runOnlyForDeploymentPostprocessing = 0;
		};
		B6DCF60F1E94C66F00B9EA53 /* Sources */ = {
			isa = PBXSourcesBuildPhase;
			buildActionMask = 2147483647;
			files = (
				B6DCF6181E94C66F00B9EA53 /* ViewController.swift in Sources */,
				B6DCF6161E94C66F00B9EA53 /* AppDelegate.swift in Sources */,
			);
			runOnlyForDeploymentPostprocessing = 0;
		};
/* End PBXSourcesBuildPhase section */

/* Begin PBXVariantGroup section */
		B6DCF6011E94C4E700B9EA53 /* Main.storyboard */ = {
			isa = PBXVariantGroup;
			children = (
				B6DCF6021E94C4E700B9EA53 /* Base */,
			);
			name = Main.storyboard;
			sourceTree = "<group>";
		};
		B6DCF6061E94C4E700B9EA53 /* LaunchScreen.storyboard */ = {
			isa = PBXVariantGroup;
			children = (
				B6DCF6071E94C4E700B9EA53 /* Base */,
			);
			name = LaunchScreen.storyboard;
			sourceTree = "<group>";
		};
		B6DCF6191E94C66F00B9EA53 /* Main.storyboard */ = {
			isa = PBXVariantGroup;
			children = (
				B6DCF61A1E94C66F00B9EA53 /* Base */,
			);
			name = Main.storyboard;
			sourceTree = "<group>";
		};
		B6DCF61E1E94C66F00B9EA53 /* LaunchScreen.storyboard */ = {
			isa = PBXVariantGroup;
			children = (
				B6DCF61F1E94C66F00B9EA53 /* Base */,
			);
			name = LaunchScreen.storyboard;
			sourceTree = "<group>";
		};
/* End PBXVariantGroup section */

/* Begin XCBuildConfiguration section */
		B6DCF60A1E94C4E700B9EA53 /* Debug */ = {
			isa = XCBuildConfiguration;
			buildSettings = {
				ALWAYS_SEARCH_USER_PATHS = NO;
				CLANG_ANALYZER_NONNULL = YES;
				CLANG_CXX_LANGUAGE_STANDARD = "gnu++0x";
				CLANG_CXX_LIBRARY = "libc++";
				CLANG_ENABLE_MODULES = YES;
				CLANG_ENABLE_OBJC_ARC = YES;
				CLANG_WARN_BOOL_CONVERSION = YES;
				CLANG_WARN_CONSTANT_CONVERSION = YES;
				CLANG_WARN_DIRECT_OBJC_ISA_USAGE = YES_ERROR;
				CLANG_WARN_DOCUMENTATION_COMMENTS = YES;
				CLANG_WARN_EMPTY_BODY = YES;
				CLANG_WARN_ENUM_CONVERSION = YES;
				CLANG_WARN_INFINITE_RECURSION = YES;
				CLANG_WARN_INT_CONVERSION = YES;
				CLANG_WARN_OBJC_ROOT_CLASS = YES_ERROR;
				CLANG_WARN_SUSPICIOUS_MOVE = YES;
				CLANG_WARN_UNREACHABLE_CODE = YES;
				CLANG_WARN__DUPLICATE_METHOD_MATCH = YES;
				"CODE_SIGN_IDENTITY[sdk=iphoneos*]" = "iPhone Developer";
				COPY_PHASE_STRIP = NO;
				DEBUG_INFORMATION_FORMAT = dwarf;
				ENABLE_STRICT_OBJC_MSGSEND = YES;
				ENABLE_TESTABILITY = YES;
				GCC_C_LANGUAGE_STANDARD = gnu99;
				GCC_DYNAMIC_NO_PIC = NO;
				GCC_NO_COMMON_BLOCKS = YES;
				GCC_OPTIMIZATION_LEVEL = 0;
				GCC_PREPROCESSOR_DEFINITIONS = (
					"DEBUG=1",
					"$(inherited)",
				);
				GCC_WARN_64_TO_32_BIT_CONVERSION = YES;
				GCC_WARN_ABOUT_RETURN_TYPE = YES_ERROR;
				GCC_WARN_UNDECLARED_SELECTOR = YES;
				GCC_WARN_UNINITIALIZED_AUTOS = YES_AGGRESSIVE;
				GCC_WARN_UNUSED_FUNCTION = YES;
				GCC_WARN_UNUSED_VARIABLE = YES;
				IPHONEOS_DEPLOYMENT_TARGET = 8.0;
				MTL_ENABLE_DEBUG_INFO = YES;
				ONLY_ACTIVE_ARCH = YES;
				SDKROOT = iphoneos;
				TARGETED_DEVICE_FAMILY = "1,2";
			};
			name = Debug;
		};
		B6DCF60B1E94C4E700B9EA53 /* Release */ = {
			isa = XCBuildConfiguration;
			buildSettings = {
				ALWAYS_SEARCH_USER_PATHS = NO;
				CLANG_ANALYZER_NONNULL = YES;
				CLANG_CXX_LANGUAGE_STANDARD = "gnu++0x";
				CLANG_CXX_LIBRARY = "libc++";
				CLANG_ENABLE_MODULES = YES;
				CLANG_ENABLE_OBJC_ARC = YES;
				CLANG_WARN_BOOL_CONVERSION = YES;
				CLANG_WARN_CONSTANT_CONVERSION = YES;
				CLANG_WARN_DIRECT_OBJC_ISA_USAGE = YES_ERROR;
				CLANG_WARN_DOCUMENTATION_COMMENTS = YES;
				CLANG_WARN_EMPTY_BODY = YES;
				CLANG_WARN_ENUM_CONVERSION = YES;
				CLANG_WARN_INFINITE_RECURSION = YES;
				CLANG_WARN_INT_CONVERSION = YES;
				CLANG_WARN_OBJC_ROOT_CLASS = YES_ERROR;
				CLANG_WARN_SUSPICIOUS_MOVE = YES;
				CLANG_WARN_UNREACHABLE_CODE = YES;
				CLANG_WARN__DUPLICATE_METHOD_MATCH = YES;
				"CODE_SIGN_IDENTITY[sdk=iphoneos*]" = "iPhone Developer";
				COPY_PHASE_STRIP = NO;
				DEBUG_INFORMATION_FORMAT = "dwarf-with-dsym";
				ENABLE_NS_ASSERTIONS = NO;
				ENABLE_STRICT_OBJC_MSGSEND = YES;
				GCC_C_LANGUAGE_STANDARD = gnu99;
				GCC_NO_COMMON_BLOCKS = YES;
				GCC_WARN_64_TO_32_BIT_CONVERSION = YES;
				GCC_WARN_ABOUT_RETURN_TYPE = YES_ERROR;
				GCC_WARN_UNDECLARED_SELECTOR = YES;
				GCC_WARN_UNINITIALIZED_AUTOS = YES_AGGRESSIVE;
				GCC_WARN_UNUSED_FUNCTION = YES;
				GCC_WARN_UNUSED_VARIABLE = YES;
				IPHONEOS_DEPLOYMENT_TARGET = 8.0;
				MTL_ENABLE_DEBUG_INFO = NO;
				SDKROOT = iphoneos;
				TARGETED_DEVICE_FAMILY = "1,2";
				VALIDATE_PRODUCT = YES;
			};
			name = Release;
		};
		B6DCF60D1E94C4E700B9EA53 /* Debug */ = {
			isa = XCBuildConfiguration;
			baseConfigurationReference = D153E3926688809B1F8631BB /* Pods-iOS-annotation-click.debug.xcconfig */;
			buildSettings = {
				ASSETCATALOG_COMPILER_APPICON_NAME = AppIcon;
				DEVELOPMENT_TEAM = YMJ372W38W;
				INFOPLIST_FILE = "iOS-annotation-click/Info.plist";
				LD_RUNPATH_SEARCH_PATHS = "$(inherited) @executable_path/Frameworks";
				PRODUCT_BUNDLE_IDENTIFIER = "com.autonavi.iOS-annotation-click";
				PRODUCT_NAME = "$(TARGET_NAME)";
				PROVISIONING_PROFILE = "48216a7c-4edd-4f5d-9389-95ffbd3ea775";
				PROVISIONING_PROFILE_SPECIFIER = openPlatform_development;
			};
			name = Debug;
		};
		B6DCF60E1E94C4E700B9EA53 /* Release */ = {
			isa = XCBuildConfiguration;
			baseConfigurationReference = 66E5EA5CF648B47A4D5B0806 /* Pods-iOS-annotation-click.release.xcconfig */;
			buildSettings = {
				ASSETCATALOG_COMPILER_APPICON_NAME = AppIcon;
				DEVELOPMENT_TEAM = "";
				INFOPLIST_FILE = "iOS-annotation-click/Info.plist";
				LD_RUNPATH_SEARCH_PATHS = "$(inherited) @executable_path/Frameworks";
				PRODUCT_BUNDLE_IDENTIFIER = "com.autonavi.iOS-annotation-click";
				PRODUCT_NAME = "$(TARGET_NAME)";
			};
			name = Release;
		};
		B6DCF6221E94C66F00B9EA53 /* Debug */ = {
			isa = XCBuildConfiguration;
			baseConfigurationReference = 47A9E8AA1BDBA202EBA7EECE /* Pods-iOS-annotation-click-swift.debug.xcconfig */;
			buildSettings = {
				ASSETCATALOG_COMPILER_APPICON_NAME = AppIcon;
				DEVELOPMENT_TEAM = YMJ372W38W;
				INFOPLIST_FILE = "iOS-annotation-click-swift/Info.plist";
				LD_RUNPATH_SEARCH_PATHS = "$(inherited) @executable_path/Frameworks";
				PRODUCT_BUNDLE_IDENTIFIER = "com.autonavi.iOS-annotation-click-swift";
				PRODUCT_NAME = "$(TARGET_NAME)";
				PROVISIONING_PROFILE = "48216a7c-4edd-4f5d-9389-95ffbd3ea775";
				PROVISIONING_PROFILE_SPECIFIER = openPlatform_development;
				SWIFT_ACTIVE_COMPILATION_CONDITIONS = DEBUG;
				SWIFT_OBJC_BRIDGING_HEADER = "iOS-annotation-click-swift/Swift-Bridge-Header.h";
				SWIFT_OPTIMIZATION_LEVEL = "-Onone";
				SWIFT_VERSION = 3.0;
			};
			name = Debug;
		};
		B6DCF6231E94C66F00B9EA53 /* Release */ = {
			isa = XCBuildConfiguration;
			baseConfigurationReference = 3915D5A3AA6C86A55766A6E0 /* Pods-iOS-annotation-click-swift.release.xcconfig */;
			buildSettings = {
				ASSETCATALOG_COMPILER_APPICON_NAME = AppIcon;
				DEVELOPMENT_TEAM = "";
				INFOPLIST_FILE = "iOS-annotation-click-swift/Info.plist";
				LD_RUNPATH_SEARCH_PATHS = "$(inherited) @executable_path/Frameworks";
				PRODUCT_BUNDLE_IDENTIFIER = "com.autonavi.iOS-annotation-click-swift";
				PRODUCT_NAME = "$(TARGET_NAME)";
				SWIFT_OBJC_BRIDGING_HEADER = "iOS-annotation-click-swift/Swift-Bridge-Header.h";
				SWIFT_OPTIMIZATION_LEVEL = "-Owholemodule";
				SWIFT_VERSION = 3.0;
			};
			name = Release;
		};
/* End XCBuildConfiguration section */

/* Begin XCConfigurationList section */
		B6DCF5F01E94C4E700B9EA53 /* Build configuration list for PBXProject "iOS-annotation-click" */ = {
			isa = XCConfigurationList;
			buildConfigurations = (
				B6DCF60A1E94C4E700B9EA53 /* Debug */,
				B6DCF60B1E94C4E700B9EA53 /* Release */,
			);
			defaultConfigurationIsVisible = 0;
			defaultConfigurationName = Release;
		};
		B6DCF60C1E94C4E700B9EA53 /* Build configuration list for PBXNativeTarget "iOS-annotation-click" */ = {
			isa = XCConfigurationList;
			buildConfigurations = (
				B6DCF60D1E94C4E700B9EA53 /* Debug */,
				B6DCF60E1E94C4E700B9EA53 /* Release */,
			);
			defaultConfigurationIsVisible = 0;
			defaultConfigurationName = Release;
		};
		B6DCF6241E94C66F00B9EA53 /* Build configuration list for PBXNativeTarget "iOS-annotation-click-swift" */ = {
			isa = XCConfigurationList;
			buildConfigurations = (
				B6DCF6221E94C66F00B9EA53 /* Debug */,
				B6DCF6231E94C66F00B9EA53 /* Release */,
			);
			defaultConfigurationIsVisible = 0;
			defaultConfigurationName = Release;
		};
/* End XCConfigurationList section */
	};
	rootObject = B6DCF5ED1E94C4E700B9EA53 /* Project object */;
}
